
Microsoft Visual Studio Solution File, Format Version 12.00
# Visual Studio Version 17
VisualStudioVersion = 17.5.002.0
MinimumVisualStudioVersion = 10.0.40219.1
Project("{9A19103F-16F7-4668-BE54-9A1E7A4F7556}") = "DesafioFundamentos", "DesafioFundamentos\DesafioFundamentos.csproj", "{96E46C30-B32A-4167-B89B-8E288FDE1BDC}"
EndProject
Global
	GlobalSection(SolutionConfigurationPlatforms) = preSolution
		Debug|Any CPU = Debug|Any CPU
		Release|Any CPU = Release|Any CPU
	EndGlobalSection
	GlobalSection(ProjectConfigurationPlatforms) = postSolution
		{96E46C30-B32A-4167-B89B-8E288FDE1BDC}.Debug|Any CPU.ActiveCfg = Debug|Any CPU
		{96E46C30-B32A-4167-B89B-8E288FDE1BDC}.Debug|Any CPU.Build.0 = Debug|Any CPU
		{96E46C30-B32A-4167-B89B-8E288FDE1BDC}.Release|Any CPU.ActiveCfg = Release|Any CPU
		{96E46C30-B32A-4167-B89B-8E288FDE1BDC}.Release|Any CPU.Build.0 = Release|Any CPU
	EndGlobalSection
	GlobalSection(SolutionProperties) = preSolution
		HideSolutionNode = FALSE
	EndGlobalSection
	GlobalSection(ExtensibilityGlobals) = postSolution
		SolutionGuid = {9402282E-7AAC-4EBE-B1BE-D9EFB62DF8A4}
	EndGlobalSection
EndGlobal
